
Microsoft Visual Studio Solution File, Format Version 12.00
# Visual Studio Version 17
VisualStudioVersion = 17.1.32319.34
MinimumVisualStudioVersion = 10.0.40219.1
Project("{9A19103F-16F7-4668-BE54-9A1E7A4F7556}") = "SharpJelly", "SharpJelly\SharpJelly.csproj", "{2F6FE978-DD2B-4741-89E8-0DDD7DF9D1CD}"
EndProject
Project("{FAE04EC0-301F-11D3-BF4B-00C04F79EFBC}") = "SharpJellyTesting", "SharpJellyTesting\SharpJellyTesting.csproj", "{A0BE785B-6B3B-46B9-A208-462F2E8B1A8B}"
EndProject
Global
	GlobalSection(SolutionConfigurationPlatforms) = preSolution
		Debug|Any CPU = Debug|Any CPU
		Release|Any CPU = Release|Any CPU
	EndGlobalSection
	GlobalSection(ProjectConfigurationPlatforms) = postSolution
		{2F6FE978-DD2B-4741-89E8-0DDD7DF9D1CD}.Debug|Any CPU.ActiveCfg = Debug|Any CPU
		{2F6FE978-DD2B-4741-89E8-0DDD7DF9D1CD}.Debug|Any CPU.Build.0 = Debug|Any CPU
		{2F6FE978-DD2B-4741-89E8-0DDD7DF9D1CD}.Release|Any CPU.ActiveCfg = Release|Any CPU
		{2F6FE978-DD2B-4741-89E8-0DDD7DF9D1CD}.Release|Any CPU.Build.0 = Release|Any CPU
		{A0BE785B-6B3B-46B9-A208-462F2E8B1A8B}.Debug|Any CPU.ActiveCfg = Debug|Any CPU
		{A0BE785B-6B3B-46B9-A208-462F2E8B1A8B}.Debug|Any CPU.Build.0 = Debug|Any CPU
		{A0BE785B-6B3B-46B9-A208-462F2E8B1A8B}.Release|Any CPU.ActiveCfg = Release|Any CPU
		{A0BE785B-6B3B-46B9-A208-462F2E8B1A8B}.Release|Any CPU.Build.0 = Release|Any CPU
	EndGlobalSection
	GlobalSection(SolutionProperties) = preSolution
		HideSolutionNode = FALSE
	EndGlobalSection
	GlobalSection(ExtensibilityGlobals) = postSolution
		SolutionGuid = {32B26EB8-5091-49B1-AFFD-011D897AFDAE}
	EndGlobalSection
EndGlobal
